// !$*UTF8*$!
{
	archiveVersion = 1;
	classes = {
	};
	objectVersion = 48;
	objects = {

/* Begin PBXBuildFile section */
		8102AA4F20B79DA6007C1AE5 /* YMUISearchViewController.m in Sources */ = {isa = PBXBuildFile; fileRef = 8102AA4E20B79DA6007C1AE5 /* YMUISearchViewController.m */; };
		8102AA5220B79ED2007C1AE5 /* YMRootBaeeViewController.m in Sources */ = {isa = PBXBuildFile; fileRef = 8102AA5120B79ED2007C1AE5 /* YMRootBaeeViewController.m */; };
		8102AA5520B79F46007C1AE5 /* YMUISearchBar.m in Sources */ = {isa = PBXBuildFile; fileRef = 8102AA5420B79F46007C1AE5 /* YMUISearchBar.m */; };
		8102AA5C20B7BE23007C1AE5 /* YMSegmentselectorViewController.m in Sources */ = {isa = PBXBuildFile; fileRef = 8102AA5B20B7BE23007C1AE5 /* YMSegmentselectorViewController.m */; };
		8102AA5F20B7D9A8007C1AE5 /* YMSegmentselectorScrollView.m in Sources */ = {isa = PBXBuildFile; fileRef = 8102AA5E20B7D9A8007C1AE5 /* YMSegmentselectorScrollView.m */; };
		8102AA6620B7E7DF007C1AE5 /* YMConsultViewController.m in Sources */ = {isa = PBXBuildFile; fileRef = 8102AA6520B7E7DF007C1AE5 /* YMConsultViewController.m */; };
		8106E5DC20B58BD300F9D369 /* YMPreferencesStore.m in Sources */ = {isa = PBXBuildFile; fileRef = 8106E5DB20B58BD300F9D369 /* YMPreferencesStore.m */; };
		8106E5E120B58E3600F9D369 /* YMNSKeyedArchiverStore.m in Sources */ = {isa = PBXBuildFile; fileRef = 8106E5E020B58E3600F9D369 /* YMNSKeyedArchiverStore.m */; };
		810F1A0220BE39D00004D0DA /* UIImage+Tools.m in Sources */ = {isa = PBXBuildFile; fileRef = 810F19F720BE39D00004D0DA /* UIImage+Tools.m */; };
		810F1A0320BE39D00004D0DA /* NSString+HelpeTools.m in Sources */ = {isa = PBXBuildFile; fileRef = 810F19FA20BE39D00004D0DA /* NSString+HelpeTools.m */; };
		810F1A0420BE39D00004D0DA /* UIColor+Hex.m in Sources */ = {isa = PBXBuildFile; fileRef = 810F19FD20BE39D00004D0DA /* UIColor+Hex.m */; };
		810F1A0520BE39D00004D0DA /* UIScrollView+UITouch.m in Sources */ = {isa = PBXBuildFile; fileRef = 810F1A0020BE39D00004D0DA /* UIScrollView+UITouch.m */; };
		810F1A1620BE3B620004D0DA /* UIView+AdjustFrame.m in Sources */ = {isa = PBXBuildFile; fileRef = 810F1A1220BE3B620004D0DA /* UIView+AdjustFrame.m */; };
		810F1A1720BE3B620004D0DA /* UIViewExt.m in Sources */ = {isa = PBXBuildFile; fileRef = 810F1A1420BE3B620004D0DA /* UIViewExt.m */; };
		8111DD8720A98BC20032A588 /* YYWeakProxy.m in Sources */ = {isa = PBXBuildFile; fileRef = 8111DD8320A98BC10032A588 /* YYWeakProxy.m */; };
		8111DD8820A98BC20032A588 /* YYFPSLabel.m in Sources */ = {isa = PBXBuildFile; fileRef = 8111DD8520A98BC10032A588 /* YYFPSLabel.m */; };
		812CAB7F20B64C65000D2518 /* EncodeViewController.m in Sources */ = {isa = PBXBuildFile; fileRef = 812CAB7E20B64C65000D2518 /* EncodeViewController.m */; };
		812CAB8220B64C76000D2518 /* DecodeViewController.m in Sources */ = {isa = PBXBuildFile; fileRef = 812CAB8120B64C76000D2518 /* DecodeViewController.m */; };
		812CAB9920B66773000D2518 /* YMBlackSmallAlert.m in Sources */ = {isa = PBXBuildFile; fileRef = 812CAB9820B66773000D2518 /* YMBlackSmallAlert.m */; };
		812CAB9D20B688A0000D2518 /* YMUINavigationController.m in Sources */ = {isa = PBXBuildFile; fileRef = 812CAB9C20B688A0000D2518 /* YMUINavigationController.m */; };
		812CABA120B693AA000D2518 /* YMUITabBarController.m in Sources */ = {isa = PBXBuildFile; fileRef = 812CABA020B693AA000D2518 /* YMUITabBarController.m */; };
		8133ADC820AD12CA0063DD36 /* YMWKWebViewViewController.m in Sources */ = {isa = PBXBuildFile; fileRef = 8133ADC720AD12CA0063DD36 /* YMWKWebViewViewController.m */; };
		8133ADCC20AD187F0063DD36 /* BaseViewController.m in Sources */ = {isa = PBXBuildFile; fileRef = 8133ADCB20AD187F0063DD36 /* BaseViewController.m */; };
		8159949A20A52A9D0043084D /* YMPayInputView.m in Sources */ = {isa = PBXBuildFile; fileRef = 8159949920A52A9D0043084D /* YMPayInputView.m */; };
		8159949D20A562E70043084D /* YMPayInoutViewController.m in Sources */ = {isa = PBXBuildFile; fileRef = 8159949C20A562E70043084D /* YMPayInoutViewController.m */; };
		815994A720A5B49D0043084D /* YMUITextField.m in Sources */ = {isa = PBXBuildFile; fileRef = 815994A620A5B49D0043084D /* YMUITextField.m */; };
		8173F6D120D25EF200E1F5BF /* ChartSimpleViewController.m in Sources */ = {isa = PBXBuildFile; fileRef = 8173F6D020D25EF200E1F5BF /* ChartSimpleViewController.m */; };
		8173F6D420D25F1F00E1F5BF /* DrawLineView.m in Sources */ = {isa = PBXBuildFile; fileRef = 8173F6D220D25F1E00E1F5BF /* DrawLineView.m */; };
		8185BD8D20A025E100E6A360 /* AppDelegate.m in Sources */ = {isa = PBXBuildFile; fileRef = 8185BD8C20A025E100E6A360 /* AppDelegate.m */; };
		8185BD9020A025E100E6A360 /* ViewController.m in Sources */ = {isa = PBXBuildFile; fileRef = 8185BD8F20A025E100E6A360 /* ViewController.m */; };
		8185BD9320A025E100E6A360 /* Main.storyboard in Resources */ = {isa = PBXBuildFile; fileRef = 8185BD9120A025E100E6A360 /* Main.storyboard */; };
		8185BD9620A025E100E6A360 /* YMUICommonlyUsedTools.xcdatamodeld in Sources */ = {isa = PBXBuildFile; fileRef = 8185BD9420A025E100E6A360 /* YMUICommonlyUsedTools.xcdatamodeld */; };
		8185BD9820A025E100E6A360 /* Assets.xcassets in Resources */ = {isa = PBXBuildFile; fileRef = 8185BD9720A025E100E6A360 /* Assets.xcassets */; };
		8185BD9B20A025E100E6A360 /* LaunchScreen.storyboard in Resources */ = {isa = PBXBuildFile; fileRef = 8185BD9920A025E100E6A360 /* LaunchScreen.storyboard */; };
		8185BD9E20A025E100E6A360 /* main.m in Sources */ = {isa = PBXBuildFile; fileRef = 8185BD9D20A025E100E6A360 /* main.m */; };
		8185BDA820A025E100E6A360 /* YMUICommonlyUsedToolsTests.m in Sources */ = {isa = PBXBuildFile; fileRef = 8185BDA720A025E100E6A360 /* YMUICommonlyUsedToolsTests.m */; };
		8185BDB320A025E100E6A360 /* YMUICommonlyUsedToolsUITests.m in Sources */ = {isa = PBXBuildFile; fileRef = 8185BDB220A025E100E6A360 /* YMUICommonlyUsedToolsUITests.m */; };
		8185BDCB20A0586700E6A360 /* YMUICommonUsedTools.m in Sources */ = {isa = PBXBuildFile; fileRef = 8185BDC720A0586700E6A360 /* YMUICommonUsedTools.m */; };
		8185BDCC20A0586700E6A360 /* YMUIPlaceholderTextView.m in Sources */ = {isa = PBXBuildFile; fileRef = 8185BDCA20A0586700E6A360 /* YMUIPlaceholderTextView.m */; };
		81D8D8D620A45FA0004C2206 /* UIControl+ButtonClickLimit.m in Sources */ = {isa = PBXBuildFile; fileRef = 81D8D8D520A45FA0004C2206 /* UIControl+ButtonClickLimit.m */; };
		81EE78A920A1423E00566322 /* YMUIConstumButton.m in Sources */ = {isa = PBXBuildFile; fileRef = 81EE78A820A1423E00566322 /* YMUIConstumButton.m */; };
/* End PBXBuildFile section */

/* Begin PBXContainerItemProxy section */
		8185BDA420A025E100E6A360 /* PBXContainerItemProxy */ = {
			isa = PBXContainerItemProxy;
			containerPortal = 8185BD8020A025E100E6A360 /* Project object */;
			proxyType = 1;
			remoteGlobalIDString = 8185BD8720A025E100E6A360;
			remoteInfo = YMUICommonlyUsedTools;
		};
		8185BDAF20A025E100E6A360 /* PBXContainerItemProxy */ = {
			isa = PBXContainerItemProxy;
			containerPortal = 8185BD8020A025E100E6A360 /* Project object */;
			proxyType = 1;
			remoteGlobalIDString = 8185BD8720A025E100E6A360;
			remoteInfo = YMUICommonlyUsedTools;
		};
/* End PBXContainerItemProxy section */

/* Begin PBXFileReference section */
		8102AA4D20B79DA6007C1AE5 /* YMUISearchViewController.h */ = {isa = PBXFileReference; lastKnownFileType = sourcecode.c.h; path = YMUISearchViewController.h; sourceTree = "<group>"; };
		8102AA4E20B79DA6007C1AE5 /* YMUISearchViewController.m */ = {isa = PBXFileReference; lastKnownFileType = sourcecode.c.objc; path = YMUISearchViewController.m; sourceTree = "<group>"; };
		8102AA5020B79ED2007C1AE5 /* YMRootBaeeViewController.h */ = {isa = PBXFileReference; lastKnownFileType = sourcecode.c.h; path = YMRootBaeeViewController.h; sourceTree = "<group>"; };
		8102AA5120B79ED2007C1AE5 /* YMRootBaeeViewController.m */ = {isa = PBXFileReference; lastKnownFileType = sourcecode.c.objc; path = YMRootBaeeViewController.m; sourceTree = "<group>"; };
		8102AA5320B79F46007C1AE5 /* YMUISearchBar.h */ = {isa = PBXFileReference; lastKnownFileType = sourcecode.c.h; path = YMUISearchBar.h; sourceTree = "<group>"; };
		8102AA5420B79F46007C1AE5 /* YMUISearchBar.m */ = {isa = PBXFileReference; lastKnownFileType = sourcecode.c.objc; path = YMUISearchBar.m; sourceTree = "<group>"; };
		8102AA5A20B7BE23007C1AE5 /* YMSegmentselectorViewController.h */ = {isa = PBXFileReference; lastKnownFileType = sourcecode.c.h; path = YMSegmentselectorViewController.h; sourceTree = "<group>"; };
		8102AA5B20B7BE23007C1AE5 /* YMSegmentselectorViewController.m */ = {isa = PBXFileReference; lastKnownFileType = sourcecode.c.objc; path = YMSegmentselectorViewController.m; sourceTree = "<group>"; };
		8102AA5D20B7D9A8007C1AE5 /* YMSegmentselectorScrollView.h */ = {isa = PBXFileReference; lastKnownFileType = sourcecode.c.h; path = YMSegmentselectorScrollView.h; sourceTree = "<group>"; };
		8102AA5E20B7D9A8007C1AE5 /* YMSegmentselectorScrollView.m */ = {isa = PBXFileReference; lastKnownFileType = sourcecode.c.objc; path = YMSegmentselectorScrollView.m; sourceTree = "<group>"; };
		8102AA6420B7E7DF007C1AE5 /* YMConsultViewController.h */ = {isa = PBXFileReference; lastKnownFileType = sourcecode.c.h; path = YMConsultViewController.h; sourceTree = "<group>"; };
		8102AA6520B7E7DF007C1AE5 /* YMConsultViewController.m */ = {isa = PBXFileReference; lastKnownFileType = sourcecode.c.objc; path = YMConsultViewController.m; sourceTree = "<group>"; };
		8106E5DA20B58BD300F9D369 /* YMPreferencesStore.h */ = {isa = PBXFileReference; lastKnownFileType = sourcecode.c.h; path = YMPreferencesStore.h; sourceTree = "<group>"; };
		8106E5DB20B58BD300F9D369 /* YMPreferencesStore.m */ = {isa = PBXFileReference; lastKnownFileType = sourcecode.c.objc; path = YMPreferencesStore.m; sourceTree = "<group>"; };
		8106E5DF20B58E3600F9D369 /* YMNSKeyedArchiverStore.h */ = {isa = PBXFileReference; lastKnownFileType = sourcecode.c.h; path = YMNSKeyedArchiverStore.h; sourceTree = "<group>"; };
		8106E5E020B58E3600F9D369 /* YMNSKeyedArchiverStore.m */ = {isa = PBXFileReference; lastKnownFileType = sourcecode.c.objc; path = YMNSKeyedArchiverStore.m; sourceTree = "<group>"; };
		810F19F720BE39D00004D0DA /* UIImage+Tools.m */ = {isa = PBXFileReference; fileEncoding = 4; lastKnownFileType = sourcecode.c.objc; path = "UIImage+Tools.m"; sourceTree = "<group>"; };
		810F19F820BE39D00004D0DA /* UIImage+Tools.h */ = {isa = PBXFileReference; fileEncoding = 4; lastKnownFileType = sourcecode.c.h; path = "UIImage+Tools.h"; sourceTree = "<group>"; };
		810F19FA20BE39D00004D0DA /* NSString+HelpeTools.m */ = {isa = PBXFileReference; fileEncoding = 4; lastKnownFileType = sourcecode.c.objc; path = "NSString+HelpeTools.m"; sourceTree = "<group>"; };
		810F19FB20BE39D00004D0DA /* NSString+HelpeTools.h */ = {isa = PBXFileReference; fileEncoding = 4; lastKnownFileType = sourcecode.c.h; path = "NSString+HelpeTools.h"; sourceTree = "<group>"; };
		810F19FD20BE39D00004D0DA /* UIColor+Hex.m */ = {isa = PBXFileReference; fileEncoding = 4; lastKnownFileType = sourcecode.c.objc; path = "UIColor+Hex.m"; sourceTree = "<group>"; };
		810F19FE20BE39D00004D0DA /* UIColor+Hex.h */ = {isa = PBXFileReference; fileEncoding = 4; lastKnownFileType = sourcecode.c.h; path = "UIColor+Hex.h"; sourceTree = "<group>"; };
		810F1A0020BE39D00004D0DA /* UIScrollView+UITouch.m */ = {isa = PBXFileReference; fileEncoding = 4; lastKnownFileType = sourcecode.c.objc; path = "UIScrollView+UITouch.m"; sourceTree = "<group>"; };
		810F1A0120BE39D00004D0DA /* UIScrollView+UITouch.h */ = {isa = PBXFileReference; fileEncoding = 4; lastKnownFileType = sourcecode.c.h; path = "UIScrollView+UITouch.h"; sourceTree = "<group>"; };
		810F1A1120BE3B620004D0DA /* UIView+AdjustFrame.h */ = {isa = PBXFileReference; fileEncoding = 4; lastKnownFileType = sourcecode.c.h; path = "UIView+AdjustFrame.h"; sourceTree = "<group>"; };
		810F1A1220BE3B620004D0DA /* UIView+AdjustFrame.m */ = {isa = PBXFileReference; fileEncoding = 4; lastKnownFileType = sourcecode.c.objc; path = "UIView+AdjustFrame.m"; sourceTree = "<group>"; };
		810F1A1420BE3B620004D0DA /* UIViewExt.m */ = {isa = PBXFileReference; fileEncoding = 4; lastKnownFileType = sourcecode.c.objc; path = UIViewExt.m; sourceTree = "<group>"; };
		810F1A1520BE3B620004D0DA /* UIViewExt.h */ = {isa = PBXFileReference; fileEncoding = 4; lastKnownFileType = sourcecode.c.h; path = UIViewExt.h; sourceTree = "<group>"; };
		8111DD8320A98BC10032A588 /* YYWeakProxy.m */ = {isa = PBXFileReference; fileEncoding = 4; lastKnownFileType = sourcecode.c.objc; path = YYWeakProxy.m; sourceTree = "<group>"; };
		8111DD8420A98BC10032A588 /* YYFPSLabel.h */ = {isa = PBXFileReference; fileEncoding = 4; lastKnownFileType = sourcecode.c.h; path = YYFPSLabel.h; sourceTree = "<group>"; };
		8111DD8520A98BC10032A588 /* YYFPSLabel.m */ = {isa = PBXFileReference; fileEncoding = 4; lastKnownFileType = sourcecode.c.objc; path = YYFPSLabel.m; sourceTree = "<group>"; };
		8111DD8620A98BC10032A588 /* YYWeakProxy.h */ = {isa = PBXFileReference; fileEncoding = 4; lastKnownFileType = sourcecode.c.h; path = YYWeakProxy.h; sourceTree = "<group>"; };
		812CAB7D20B64C65000D2518 /* EncodeViewController.h */ = {isa = PBXFileReference; lastKnownFileType = sourcecode.c.h; path = EncodeViewController.h; sourceTree = "<group>"; };
		812CAB7E20B64C65000D2518 /* EncodeViewController.m */ = {isa = PBXFileReference; lastKnownFileType = sourcecode.c.objc; path = EncodeViewController.m; sourceTree = "<group>"; };
		812CAB8020B64C76000D2518 /* DecodeViewController.h */ = {isa = PBXFileReference; lastKnownFileType = sourcecode.c.h; path = DecodeViewController.h; sourceTree = "<group>"; };
		812CAB8120B64C76000D2518 /* DecodeViewController.m */ = {isa = PBXFileReference; lastKnownFileType = sourcecode.c.objc; path = DecodeViewController.m; sourceTree = "<group>"; };
		812CAB9720B66773000D2518 /* YMBlackSmallAlert.h */ = {isa = PBXFileReference; lastKnownFileType = sourcecode.c.h; path = YMBlackSmallAlert.h; sourceTree = "<group>"; };
		812CAB9820B66773000D2518 /* YMBlackSmallAlert.m */ = {isa = PBXFileReference; lastKnownFileType = sourcecode.c.objc; path = YMBlackSmallAlert.m; sourceTree = "<group>"; };
		812CAB9B20B688A0000D2518 /* YMUINavigationController.h */ = {isa = PBXFileReference; lastKnownFileType = sourcecode.c.h; path = YMUINavigationController.h; sourceTree = "<group>"; };
		812CAB9C20B688A0000D2518 /* YMUINavigationController.m */ = {isa = PBXFileReference; lastKnownFileType = sourcecode.c.objc; path = YMUINavigationController.m; sourceTree = "<group>"; };
		812CAB9F20B693AA000D2518 /* YMUITabBarController.h */ = {isa = PBXFileReference; lastKnownFileType = sourcecode.c.h; path = YMUITabBarController.h; sourceTree = "<group>"; };
		812CABA020B693AA000D2518 /* YMUITabBarController.m */ = {isa = PBXFileReference; lastKnownFileType = sourcecode.c.objc; path = YMUITabBarController.m; sourceTree = "<group>"; };
		8133ADC620AD12CA0063DD36 /* YMWKWebViewViewController.h */ = {isa = PBXFileReference; lastKnownFileType = sourcecode.c.h; path = YMWKWebViewViewController.h; sourceTree = "<group>"; };
		8133ADC720AD12CA0063DD36 /* YMWKWebViewViewController.m */ = {isa = PBXFileReference; lastKnownFileType = sourcecode.c.objc; path = YMWKWebViewViewController.m; sourceTree = "<group>"; };
		8133ADCA20AD187F0063DD36 /* BaseViewController.h */ = {isa = PBXFileReference; lastKnownFileType = sourcecode.c.h; path = BaseViewController.h; sourceTree = "<group>"; };
		8133ADCB20AD187F0063DD36 /* BaseViewController.m */ = {isa = PBXFileReference; lastKnownFileType = sourcecode.c.objc; path = BaseViewController.m; sourceTree = "<group>"; };
		8159949820A52A9D0043084D /* YMPayInputView.h */ = {isa = PBXFileReference; lastKnownFileType = sourcecode.c.h; path = YMPayInputView.h; sourceTree = "<group>"; };
		8159949920A52A9D0043084D /* YMPayInputView.m */ = {isa = PBXFileReference; lastKnownFileType = sourcecode.c.objc; path = YMPayInputView.m; sourceTree = "<group>"; };
		8159949B20A562E70043084D /* YMPayInoutViewController.h */ = {isa = PBXFileReference; lastKnownFileType = sourcecode.c.h; path = YMPayInoutViewController.h; sourceTree = "<group>"; };
		8159949C20A562E70043084D /* YMPayInoutViewController.m */ = {isa = PBXFileReference; lastKnownFileType = sourcecode.c.objc; path = YMPayInoutViewController.m; sourceTree = "<group>"; };
		815994A520A5B49D0043084D /* YMUITextField.h */ = {isa = PBXFileReference; lastKnownFileType = sourcecode.c.h; path = YMUITextField.h; sourceTree = "<group>"; };
		815994A620A5B49D0043084D /* YMUITextField.m */ = {isa = PBXFileReference; lastKnownFileType = sourcecode.c.objc; path = YMUITextField.m; sourceTree = "<group>"; };
		8173F6CF20D25EF200E1F5BF /* ChartSimpleViewController.h */ = {isa = PBXFileReference; lastKnownFileType = sourcecode.c.h; path = ChartSimpleViewController.h; sourceTree = "<group>"; };
		8173F6D020D25EF200E1F5BF /* ChartSimpleViewController.m */ = {isa = PBXFileReference; lastKnownFileType = sourcecode.c.objc; path = ChartSimpleViewController.m; sourceTree = "<group>"; };
		8173F6D220D25F1E00E1F5BF /* DrawLineView.m */ = {isa = PBXFileReference; fileEncoding = 4; lastKnownFileType = sourcecode.c.objc; path = DrawLineView.m; sourceTree = "<group>"; };
		8173F6D320D25F1E00E1F5BF /* DrawLineView.h */ = {isa = PBXFileReference; fileEncoding = 4; lastKnownFileType = sourcecode.c.h; path = DrawLineView.h; sourceTree = "<group>"; };
		8185BD8820A025E100E6A360 /* YMUICommonlyUsedTools.app */ = {isa = PBXFileReference; explicitFileType = wrapper.application; includeInIndex = 0; path = YMUICommonlyUsedTools.app; sourceTree = BUILT_PRODUCTS_DIR; };
		8185BD8B20A025E100E6A360 /* AppDelegate.h */ = {isa = PBXFileReference; lastKnownFileType = sourcecode.c.h; path = AppDelegate.h; sourceTree = "<group>"; };
		8185BD8C20A025E100E6A360 /* AppDelegate.m */ = {isa = PBXFileReference; lastKnownFileType = sourcecode.c.objc; path = AppDelegate.m; sourceTree = "<group>"; };
		8185BD8E20A025E100E6A360 /* ViewController.h */ = {isa = PBXFileReference; lastKnownFileType = sourcecode.c.h; path = ViewController.h; sourceTree = "<group>"; };
		8185BD8F20A025E100E6A360 /* ViewController.m */ = {isa = PBXFileReference; lastKnownFileType = sourcecode.c.objc; path = ViewController.m; sourceTree = "<group>"; };
		8185BD9220A025E100E6A360 /* Base */ = {isa = PBXFileReference; lastKnownFileType = file.storyboard; name = Base; path = Base.lproj/Main.storyboard; sourceTree = "<group>"; };
		8185BD9520A025E100E6A360 /* YMUICommonlyUsedTools.xcdatamodel */ = {isa = PBXFileReference; lastKnownFileType = wrapper.xcdatamodel; path = YMUICommonlyUsedTools.xcdatamodel; sourceTree = "<group>"; };
		8185BD9720A025E100E6A360 /* Assets.xcassets */ = {isa = PBXFileReference; lastKnownFileType = folder.assetcatalog; path = Assets.xcassets; sourceTree = "<group>"; };
		8185BD9A20A025E100E6A360 /* Base */ = {isa = PBXFileReference; lastKnownFileType = file.storyboard; name = Base; path = Base.lproj/LaunchScreen.storyboard; sourceTree = "<group>"; };
		8185BD9C20A025E100E6A360 /* Info.plist */ = {isa = PBXFileReference; lastKnownFileType = text.plist.xml; path = Info.plist; sourceTree = "<group>"; };
		8185BD9D20A025E100E6A360 /* main.m */ = {isa = PBXFileReference; lastKnownFileType = sourcecode.c.objc; path = main.m; sourceTree = "<group>"; };
		8185BDA320A025E100E6A360 /* YMUICommonlyUsedToolsTests.xctest */ = {isa = PBXFileReference; explicitFileType = wrapper.cfbundle; includeInIndex = 0; path = YMUICommonlyUsedToolsTests.xctest; sourceTree = BUILT_PRODUCTS_DIR; };
		8185BDA720A025E100E6A360 /* YMUICommonlyUsedToolsTests.m */ = {isa = PBXFileReference; lastKnownFileType = sourcecode.c.objc; path = YMUICommonlyUsedToolsTests.m; sourceTree = "<group>"; };
		8185BDA920A025E100E6A360 /* Info.plist */ = {isa = PBXFileReference; lastKnownFileType = text.plist.xml; path = Info.plist; sourceTree = "<group>"; };
		8185BDAE20A025E100E6A360 /* YMUICommonlyUsedToolsUITests.xctest */ = {isa = PBXFileReference; explicitFileType = wrapper.cfbundle; includeInIndex = 0; path = YMUICommonlyUsedToolsUITests.xctest; sourceTree = BUILT_PRODUCTS_DIR; };
		8185BDB220A025E100E6A360 /* YMUICommonlyUsedToolsUITests.m */ = {isa = PBXFileReference; lastKnownFileType = sourcecode.c.objc; path = YMUICommonlyUsedToolsUITests.m; sourceTree = "<group>"; };
		8185BDB420A025E100E6A360 /* Info.plist */ = {isa = PBXFileReference; lastKnownFileType = text.plist.xml; path = Info.plist; sourceTree = "<group>"; };
		8185BDC720A0586700E6A360 /* YMUICommonUsedTools.m */ = {isa = PBXFileReference; fileEncoding = 4; lastKnownFileType = sourcecode.c.objc; path = YMUICommonUsedTools.m; sourceTree = "<group>"; };
		8185BDC820A0586700E6A360 /* YMUIPlaceholderTextView.h */ = {isa = PBXFileReference; fileEncoding = 4; lastKnownFileType = sourcecode.c.h; path = YMUIPlaceholderTextView.h; sourceTree = "<group>"; };
		8185BDC920A0586700E6A360 /* YMUICommonUsedTools.h */ = {isa = PBXFileReference; fileEncoding = 4; lastKnownFileType = sourcecode.c.h; path = YMUICommonUsedTools.h; sourceTree = "<group>"; };
		8185BDCA20A0586700E6A360 /* YMUIPlaceholderTextView.m */ = {isa = PBXFileReference; fileEncoding = 4; lastKnownFileType = sourcecode.c.objc; path = YMUIPlaceholderTextView.m; sourceTree = "<group>"; };
		81D8D8D420A45FA0004C2206 /* UIControl+ButtonClickLimit.h */ = {isa = PBXFileReference; lastKnownFileType = sourcecode.c.h; path = "UIControl+ButtonClickLimit.h"; sourceTree = "<group>"; };
		81D8D8D520A45FA0004C2206 /* UIControl+ButtonClickLimit.m */ = {isa = PBXFileReference; lastKnownFileType = sourcecode.c.objc; path = "UIControl+ButtonClickLimit.m"; sourceTree = "<group>"; };
		81EE78A720A1423E00566322 /* YMUIConstumButton.h */ = {isa = PBXFileReference; lastKnownFileType = sourcecode.c.h; path = YMUIConstumButton.h; sourceTree = "<group>"; };
		81EE78A820A1423E00566322 /* YMUIConstumButton.m */ = {isa = PBXFileReference; lastKnownFileType = sourcecode.c.objc; path = YMUIConstumButton.m; sourceTree = "<group>"; };
		81EE78B220A173B600566322 /* YMUIPrefixHeader.pch */ = {isa = PBXFileReference; lastKnownFileType = sourcecode.c.h; path = YMUIPrefixHeader.pch; sourceTree = "<group>"; };
		81EE78B420A1754000566322 /* YMUIHeader.h */ = {isa = PBXFileReference; lastKnownFileType = sourcecode.c.h; path = YMUIHeader.h; sourceTree = "<group>"; };
/* End PBXFileReference section */

/* Begin PBXFrameworksBuildPhase section */
		8185BD8520A025E100E6A360 /* Frameworks */ = {
			isa = PBXFrameworksBuildPhase;
			buildActionMask = 2147483647;
			files = (
			);
			runOnlyForDeploymentPostprocessing = 0;
		};
		8185BDA020A025E100E6A360 /* Frameworks */ = {
			isa = PBXFrameworksBuildPhase;
			buildActionMask = 2147483647;
			files = (
			);
			runOnlyForDeploymentPostprocessing = 0;
		};
		8185BDAB20A025E100E6A360 /* Frameworks */ = {
			isa = PBXFrameworksBuildPhase;
			buildActionMask = 2147483647;
			files = (
			);
			runOnlyForDeploymentPostprocessing = 0;
		};
/* End PBXFrameworksBuildPhase section */

/* Begin PBXGroup section */
		8102AA4C20B79D83007C1AE5 /* 搜索 */ = {
			isa = PBXGroup;
			children = (
				8102AA4D20B79DA6007C1AE5 /* YMUISearchViewController.h */,
				8102AA4E20B79DA6007C1AE5 /* YMUISearchViewController.m */,
				8102AA5320B79F46007C1AE5 /* YMUISearchBar.h */,
				8102AA5420B79F46007C1AE5 /* YMUISearchBar.m */,
			);
			path = "搜索";
			sourceTree = "<group>";
		};
		8102AA5920B7BD59007C1AE5 /* 分段控制器 */ = {
			isa = PBXGroup;
			children = (
				8102AA5A20B7BE23007C1AE5 /* YMSegmentselectorViewController.h */,
				8102AA5B20B7BE23007C1AE5 /* YMSegmentselectorViewController.m */,
				8102AA5D20B7D9A8007C1AE5 /* YMSegmentselectorScrollView.h */,
				8102AA5E20B7D9A8007C1AE5 /* YMSegmentselectorScrollView.m */,
			);
			path = "分段控制器";
			sourceTree = "<group>";
		};
		8106E5D920B58BA600F9D369 /* 偏好设置存储 */ = {
			isa = PBXGroup;
			children = (
				8106E5DA20B58BD300F9D369 /* YMPreferencesStore.h */,
				8106E5DB20B58BD300F9D369 /* YMPreferencesStore.m */,
			);
			path = "偏好设置存储";
			sourceTree = "<group>";
		};
		8106E5DE20B58E1300F9D369 /* 归档解档 */ = {
			isa = PBXGroup;
			children = (
				8106E5DF20B58E3600F9D369 /* YMNSKeyedArchiverStore.h */,
				8106E5E020B58E3600F9D369 /* YMNSKeyedArchiverStore.m */,
				812CAB7D20B64C65000D2518 /* EncodeViewController.h */,
				812CAB7E20B64C65000D2518 /* EncodeViewController.m */,
				812CAB8020B64C76000D2518 /* DecodeViewController.h */,
				812CAB8120B64C76000D2518 /* DecodeViewController.m */,
			);
			path = "归档解档";
			sourceTree = "<group>";
		};
		810F19F520BE39D00004D0DA /* YMCategory */ = {
			isa = PBXGroup;
			children = (
				810F1A1020BE3B620004D0DA /* UIView */,
				810F1A1320BE3B620004D0DA /* UIViewExt */,
				810F19F620BE39D00004D0DA /* UIImage */,
				810F19F920BE39D00004D0DA /* NSString 分类 */,
				810F19FC20BE39D00004D0DA /* Color */,
				810F19FF20BE39D00004D0DA /* UIScrollView+UITouch */,
			);
			path = YMCategory;
			sourceTree = "<group>";
		};
		810F19F620BE39D00004D0DA /* UIImage */ = {
			isa = PBXGroup;
			children = (
				810F19F820BE39D00004D0DA /* UIImage+Tools.h */,
				810F19F720BE39D00004D0DA /* UIImage+Tools.m */,
			);
			path = UIImage;
			sourceTree = "<group>";
		};
		810F19F920BE39D00004D0DA /* NSString 分类 */ = {
			isa = PBXGroup;
			children = (
				810F19FB20BE39D00004D0DA /* NSString+HelpeTools.h */,
				810F19FA20BE39D00004D0DA /* NSString+HelpeTools.m */,
			);
			path = "NSString 分类";
			sourceTree = "<group>";
		};
		810F19FC20BE39D00004D0DA /* Color */ = {
			isa = PBXGroup;
			children = (
				810F19FE20BE39D00004D0DA /* UIColor+Hex.h */,
				810F19FD20BE39D00004D0DA /* UIColor+Hex.m */,
			);
			path = Color;
			sourceTree = "<group>";
		};
		810F19FF20BE39D00004D0DA /* UIScrollView+UITouch */ = {
			isa = PBXGroup;
			children = (
				810F1A0120BE39D00004D0DA /* UIScrollView+UITouch.h */,
				810F1A0020BE39D00004D0DA /* UIScrollView+UITouch.m */,
			);
			path = "UIScrollView+UITouch";
			sourceTree = "<group>";
		};
		810F1A1020BE3B620004D0DA /* UIView */ = {
			isa = PBXGroup;
			children = (
				810F1A1120BE3B620004D0DA /* UIView+AdjustFrame.h */,
				810F1A1220BE3B620004D0DA /* UIView+AdjustFrame.m */,
			);
			path = UIView;
			sourceTree = "<group>";
		};
		810F1A1320BE3B620004D0DA /* UIViewExt */ = {
			isa = PBXGroup;
			children = (
				810F1A1520BE3B620004D0DA /* UIViewExt.h */,
				810F1A1420BE3B620004D0DA /* UIViewExt.m */,
			);
			path = UIViewExt;
			sourceTree = "<group>";
		};
		8111DD8220A98BC10032A588 /* 屏幕 fps */ = {
			isa = PBXGroup;
			children = (
				8111DD8420A98BC10032A588 /* YYFPSLabel.h */,
				8111DD8520A98BC10032A588 /* YYFPSLabel.m */,
				8111DD8620A98BC10032A588 /* YYWeakProxy.h */,
				8111DD8320A98BC10032A588 /* YYWeakProxy.m */,
			);
			path = "屏幕 fps";
			sourceTree = "<group>";
		};
		812CAB9620B6672A000D2518 /* 黑色小弹窗 */ = {
			isa = PBXGroup;
			children = (
				812CAB9720B66773000D2518 /* YMBlackSmallAlert.h */,
				812CAB9820B66773000D2518 /* YMBlackSmallAlert.m */,
			);
			path = "黑色小弹窗";
			sourceTree = "<group>";
		};
		812CAB9A20B6887F000D2518 /* 自定义导航 */ = {
			isa = PBXGroup;
			children = (
				812CAB9B20B688A0000D2518 /* YMUINavigationController.h */,
				812CAB9C20B688A0000D2518 /* YMUINavigationController.m */,
			);
			path = "自定义导航";
			sourceTree = "<group>";
		};
		812CAB9E20B6938B000D2518 /* 自定义标签 */ = {
			isa = PBXGroup;
			children = (
				812CAB9F20B693AA000D2518 /* YMUITabBarController.h */,
				812CABA020B693AA000D2518 /* YMUITabBarController.m */,
			);
			path = "自定义标签";
			sourceTree = "<group>";
		};
		8133ADC220AD12810063DD36 /* WKWebView 使用 */ = {
			isa = PBXGroup;
			children = (
				8133ADC620AD12CA0063DD36 /* YMWKWebViewViewController.h */,
				8133ADC720AD12CA0063DD36 /* YMWKWebViewViewController.m */,
			);
			path = "WKWebView 使用";
			sourceTree = "<group>";
		};
		8133ADC920AD186F0063DD36 /* Base */ = {
			isa = PBXGroup;
			children = (
				8133ADCA20AD187F0063DD36 /* BaseViewController.h */,
				8133ADCB20AD187F0063DD36 /* BaseViewController.m */,
				8102AA5020B79ED2007C1AE5 /* YMRootBaeeViewController.h */,
				8102AA5120B79ED2007C1AE5 /* YMRootBaeeViewController.m */,
			);
			path = Base;
			sourceTree = "<group>";
		};
		8159949720A52A6E0043084D /* 密码输入 */ = {
			isa = PBXGroup;
			children = (
				8159949820A52A9D0043084D /* YMPayInputView.h */,
				8159949920A52A9D0043084D /* YMPayInputView.m */,
			);
			path = "密码输入";
			sourceTree = "<group>";
		};
		8173F6CE20D25EDE00E1F5BF /* 图表动画 */ = {
			isa = PBXGroup;
			children = (
				8173F6CF20D25EF200E1F5BF /* ChartSimpleViewController.h */,
				8173F6D020D25EF200E1F5BF /* ChartSimpleViewController.m */,
				8173F6D320D25F1E00E1F5BF /* DrawLineView.h */,
				8173F6D220D25F1E00E1F5BF /* DrawLineView.m */,
			);
			path = "图表动画";
			sourceTree = "<group>";
		};
		8185BD7F20A025E100E6A360 = {
			isa = PBXGroup;
			children = (
				8185BD8A20A025E100E6A360 /* YMUICommonlyUsedTools */,
				8185BDA620A025E100E6A360 /* YMUICommonlyUsedToolsTests */,
				8185BDB120A025E100E6A360 /* YMUICommonlyUsedToolsUITests */,
				8185BD8920A025E100E6A360 /* Products */,
			);
			sourceTree = "<group>";
		};
		8185BD8920A025E100E6A360 /* Products */ = {
			isa = PBXGroup;
			children = (
				8185BD8820A025E100E6A360 /* YMUICommonlyUsedTools.app */,
				8185BDA320A025E100E6A360 /* YMUICommonlyUsedToolsTests.xctest */,
				8185BDAE20A025E100E6A360 /* YMUICommonlyUsedToolsUITests.xctest */,
			);
			name = Products;
			sourceTree = "<group>";
		};
		8185BD8A20A025E100E6A360 /* YMUICommonlyUsedTools */ = {
			isa = PBXGroup;
			children = (
				8185BD8B20A025E100E6A360 /* AppDelegate.h */,
				8185BD8C20A025E100E6A360 /* AppDelegate.m */,
				8185BD8E20A025E100E6A360 /* ViewController.h */,
				8185BD8F20A025E100E6A360 /* ViewController.m */,
				8159949B20A562E70043084D /* YMPayInoutViewController.h */,
				8159949C20A562E70043084D /* YMPayInoutViewController.m */,
				8102AA6420B7E7DF007C1AE5 /* YMConsultViewController.h */,
				8102AA6520B7E7DF007C1AE5 /* YMConsultViewController.m */,
				8173F6CE20D25EDE00E1F5BF /* 图表动画 */,
				810F19F520BE39D00004D0DA /* YMCategory */,
				8102AA5920B7BD59007C1AE5 /* 分段控制器 */,
				8102AA4C20B79D83007C1AE5 /* 搜索 */,
				812CAB9E20B6938B000D2518 /* 自定义标签 */,
				812CAB9A20B6887F000D2518 /* 自定义导航 */,
				812CAB9620B6672A000D2518 /* 黑色小弹窗 */,
				8106E5DE20B58E1300F9D369 /* 归档解档 */,
				8106E5D920B58BA600F9D369 /* 偏好设置存储 */,
				8133ADC920AD186F0063DD36 /* Base */,
				8133ADC220AD12810063DD36 /* WKWebView 使用 */,
				8111DD8220A98BC10032A588 /* 屏幕 fps */,
				8159949720A52A6E0043084D /* 密码输入 */,
				81D8D8D320A45F74004C2206 /* 解决按钮时间点击太快短时间多次响应 */,
				8185BDC620A0586700E6A360 /* 公共 UI 的处理 */,
				8185BD9120A025E100E6A360 /* Main.storyboard */,
				8185BD9720A025E100E6A360 /* Assets.xcassets */,
				8185BD9920A025E100E6A360 /* LaunchScreen.storyboard */,
				8185BD9C20A025E100E6A360 /* Info.plist */,
				8185BD9D20A025E100E6A360 /* main.m */,
				81EE78B220A173B600566322 /* YMUIPrefixHeader.pch */,
				81EE78B420A1754000566322 /* YMUIHeader.h */,
				8185BD9420A025E100E6A360 /* YMUICommonlyUsedTools.xcdatamodeld */,
			);
			path = YMUICommonlyUsedTools;
			sourceTree = "<group>";
		};
		8185BDA620A025E100E6A360 /* YMUICommonlyUsedToolsTests */ = {
			isa = PBXGroup;
			children = (
				8185BDA720A025E100E6A360 /* YMUICommonlyUsedToolsTests.m */,
				8185BDA920A025E100E6A360 /* Info.plist */,
			);
			path = YMUICommonlyUsedToolsTests;
			sourceTree = "<group>";
		};
		8185BDB120A025E100E6A360 /* YMUICommonlyUsedToolsUITests */ = {
			isa = PBXGroup;
			children = (
				8185BDB220A025E100E6A360 /* YMUICommonlyUsedToolsUITests.m */,
				8185BDB420A025E100E6A360 /* Info.plist */,
			);
			path = YMUICommonlyUsedToolsUITests;
			sourceTree = "<group>";
		};
		8185BDC620A0586700E6A360 /* 公共 UI 的处理 */ = {
			isa = PBXGroup;
			children = (
				8185BDC920A0586700E6A360 /* YMUICommonUsedTools.h */,
				8185BDC720A0586700E6A360 /* YMUICommonUsedTools.m */,
				8185BDC820A0586700E6A360 /* YMUIPlaceholderTextView.h */,
				8185BDCA20A0586700E6A360 /* YMUIPlaceholderTextView.m */,
				81EE78A720A1423E00566322 /* YMUIConstumButton.h */,
				81EE78A820A1423E00566322 /* YMUIConstumButton.m */,
				815994A520A5B49D0043084D /* YMUITextField.h */,
				815994A620A5B49D0043084D /* YMUITextField.m */,
			);
			path = "公共 UI 的处理";
			sourceTree = "<group>";
		};
		81D8D8D320A45F74004C2206 /* 解决按钮时间点击太快短时间多次响应 */ = {
			isa = PBXGroup;
			children = (
				81D8D8D420A45FA0004C2206 /* UIControl+ButtonClickLimit.h */,
				81D8D8D520A45FA0004C2206 /* UIControl+ButtonClickLimit.m */,
			);
			path = "解决按钮时间点击太快短时间多次响应";
			sourceTree = "<group>";
		};
/* End PBXGroup section */

/* Begin PBXNativeTarget section */
		8185BD8720A025E100E6A360 /* YMUICommonlyUsedTools */ = {
			isa = PBXNativeTarget;
			buildConfigurationList = 8185BDB720A025E100E6A360 /* Build configuration list for PBXNativeTarget "YMUICommonlyUsedTools" */;
			buildPhases = (
				8185BD8420A025E100E6A360 /* Sources */,
				8185BD8520A025E100E6A360 /* Frameworks */,
				8185BD8620A025E100E6A360 /* Resources */,
			);
			buildRules = (
			);
			dependencies = (
			);
			name = YMUICommonlyUsedTools;
			productName = YMUICommonlyUsedTools;
			productReference = 8185BD8820A025E100E6A360 /* YMUICommonlyUsedTools.app */;
			productType = "com.apple.product-type.application";
		};
		8185BDA220A025E100E6A360 /* YMUICommonlyUsedToolsTests */ = {
			isa = PBXNativeTarget;
			buildConfigurationList = 8185BDBA20A025E100E6A360 /* Build configuration list for PBXNativeTarget "YMUICommonlyUsedToolsTests" */;
			buildPhases = (
				8185BD9F20A025E100E6A360 /* Sources */,
				8185BDA020A025E100E6A360 /* Frameworks */,
				8185BDA120A025E100E6A360 /* Resources */,
			);
			buildRules = (
			);
			dependencies = (
				8185BDA520A025E100E6A360 /* PBXTargetDependency */,
			);
			name = YMUICommonlyUsedToolsTests;
			productName = YMUICommonlyUsedToolsTests;
			productReference = 8185BDA320A025E100E6A360 /* YMUICommonlyUsedToolsTests.xctest */;
			productType = "com.apple.product-type.bundle.unit-test";
		};
		8185BDAD20A025E100E6A360 /* YMUICommonlyUsedToolsUITests */ = {
			isa = PBXNativeTarget;
			buildConfigurationList = 8185BDBD20A025E100E6A360 /* Build configuration list for PBXNativeTarget "YMUICommonlyUsedToolsUITests" */;
			buildPhases = (
				8185BDAA20A025E100E6A360 /* Sources */,
				8185BDAB20A025E100E6A360 /* Frameworks */,
				8185BDAC20A025E100E6A360 /* Resources */,
			);
			buildRules = (
			);
			dependencies = (
				8185BDB020A025E100E6A360 /* PBXTargetDependency */,
			);
			name = YMUICommonlyUsedToolsUITests;
			productName = YMUICommonlyUsedToolsUITests;
			productReference = 8185BDAE20A025E100E6A360 /* YMUICommonlyUsedToolsUITests.xctest */;
			productType = "com.apple.product-type.bundle.ui-testing";
		};
/* End PBXNativeTarget section */

/* Begin PBXProject section */
		8185BD8020A025E100E6A360 /* Project object */ = {
			isa = PBXProject;
			attributes = {
				LastUpgradeCheck = 0920;
				ORGANIZATIONNAME = iOS;
				TargetAttributes = {
					8185BD8720A025E100E6A360 = {
						CreatedOnToolsVersion = 9.2;
						ProvisioningStyle = Automatic;
					};
					8185BDA220A025E100E6A360 = {
						CreatedOnToolsVersion = 9.2;
						ProvisioningStyle = Automatic;
						TestTargetID = 8185BD8720A025E100E6A360;
					};
					8185BDAD20A025E100E6A360 = {
						CreatedOnToolsVersion = 9.2;
						ProvisioningStyle = Automatic;
						TestTargetID = 8185BD8720A025E100E6A360;
					};
				};
			};
			buildConfigurationList = 8185BD8320A025E100E6A360 /* Build configuration list for PBXProject "YMUICommonlyUsedTools" */;
			compatibilityVersion = "Xcode 8.0";
			developmentRegion = en;
			hasScannedForEncodings = 0;
			knownRegions = (
				en,
				Base,
			);
			mainGroup = 8185BD7F20A025E100E6A360;
			productRefGroup = 8185BD8920A025E100E6A360 /* Products */;
			projectDirPath = "";
			projectRoot = "";
			targets = (
				8185BD8720A025E100E6A360 /* YMUICommonlyUsedTools */,
				8185BDA220A025E100E6A360 /* YMUICommonlyUsedToolsTests */,
				8185BDAD20A025E100E6A360 /* YMUICommonlyUsedToolsUITests */,
			);
		};
/* End PBXProject section */

/* Begin PBXResourcesBuildPhase section */
		8185BD8620A025E100E6A360 /* Resources */ = {
			isa = PBXResourcesBuildPhase;
			buildActionMask = 2147483647;
			files = (
				8185BD9B20A025E100E6A360 /* LaunchScreen.storyboard in Resources */,
				8185BD9820A025E100E6A360 /* Assets.xcassets in Resources */,
				8185BD9320A025E100E6A360 /* Main.storyboard in Resources */,
			);
			runOnlyForDeploymentPostprocessing = 0;
		};
		8185BDA120A025E100E6A360 /* Resources */ = {
			isa = PBXResourcesBuildPhase;
			buildActionMask = 2147483647;
			files = (
			);
			runOnlyForDeploymentPostprocessing = 0;
		};
		8185BDAC20A025E100E6A360 /* Resources */ = {
			isa = PBXResourcesBuildPhase;
			buildActionMask = 2147483647;
			files = (
			);
			runOnlyForDeploymentPostprocessing = 0;
		};
/* End PBXResourcesBuildPhase section */

/* Begin PBXSourcesBuildPhase section */
		8185BD8420A025E100E6A360 /* Sources */ = {
			isa = PBXSourcesBuildPhase;
			buildActionMask = 2147483647;
			files = (
				812CAB8220B64C76000D2518 /* DecodeViewController.m in Sources */,
				8102AA5C20B7BE23007C1AE5 /* YMSegmentselectorViewController.m in Sources */,
				8173F6D120D25EF200E1F5BF /* ChartSimpleViewController.m in Sources */,
				8102AA5520B79F46007C1AE5 /* YMUISearchBar.m in Sources */,
				8106E5E120B58E3600F9D369 /* YMNSKeyedArchiverStore.m in Sources */,
				8106E5DC20B58BD300F9D369 /* YMPreferencesStore.m in Sources */,
				810F1A0520BE39D00004D0DA /* UIScrollView+UITouch.m in Sources */,
				812CAB9920B66773000D2518 /* YMBlackSmallAlert.m in Sources */,
				812CAB9D20B688A0000D2518 /* YMUINavigationController.m in Sources */,
				810F1A1620BE3B620004D0DA /* UIView+AdjustFrame.m in Sources */,
				8133ADCC20AD187F0063DD36 /* BaseViewController.m in Sources */,
				810F1A0320BE39D00004D0DA /* NSString+HelpeTools.m in Sources */,
				8133ADC820AD12CA0063DD36 /* YMWKWebViewViewController.m in Sources */,
				8102AA5220B79ED2007C1AE5 /* YMRootBaeeViewController.m in Sources */,
				810F1A0420BE39D00004D0DA /* UIColor+Hex.m in Sources */,
				8185BDCB20A0586700E6A360 /* YMUICommonUsedTools.m in Sources */,
				8111DD8820A98BC20032A588 /* YYFPSLabel.m in Sources */,
				810F1A1720BE3B620004D0DA /* UIViewExt.m in Sources */,
				8173F6D420D25F1F00E1F5BF /* DrawLineView.m in Sources */,
				812CAB7F20B64C65000D2518 /* EncodeViewController.m in Sources */,
				810F1A0220BE39D00004D0DA /* UIImage+Tools.m in Sources */,
				8102AA4F20B79DA6007C1AE5 /* YMUISearchViewController.m in Sources */,
				8159949D20A562E70043084D /* YMPayInoutViewController.m in Sources */,
				8102AA6620B7E7DF007C1AE5 /* YMConsultViewController.m in Sources */,
				8185BD9020A025E100E6A360 /* ViewController.m in Sources */,
				8185BD8D20A025E100E6A360 /* AppDelegate.m in Sources */,
				8159949A20A52A9D0043084D /* YMPayInputView.m in Sources */,
				8185BDCC20A0586700E6A360 /* YMUIPlaceholderTextView.m in Sources */,
				8102AA5F20B7D9A8007C1AE5 /* YMSegmentselectorScrollView.m in Sources */,
				81D8D8D620A45FA0004C2206 /* UIControl+ButtonClickLimit.m in Sources */,
				8185BD9E20A025E100E6A360 /* main.m in Sources */,
				8185BD9620A025E100E6A360 /* YMUICommonlyUsedTools.xcdatamodeld in Sources */,
				812CABA120B693AA000D2518 /* YMUITabBarController.m in Sources */,
				81EE78A920A1423E00566322 /* YMUIConstumButton.m in Sources */,
				815994A720A5B49D0043084D /* YMUITextField.m in Sources */,
				8111DD8720A98BC20032A588 /* YYWeakProxy.m in Sources */,
			);
			runOnlyForDeploymentPostprocessing = 0;
		};
		8185BD9F20A025E100E6A360 /* Sources */ = {
			isa = PBXSourcesBuildPhase;
			buildActionMask = 2147483647;
			files = (
				8185BDA820A025E100E6A360 /* YMUICommonlyUsedToolsTests.m in Sources */,
			);
			runOnlyForDeploymentPostprocessing = 0;
		};
		8185BDAA20A025E100E6A360 /* Sources */ = {
			isa = PBXSourcesBuildPhase;
			buildActionMask = 2147483647;
			files = (
				8185BDB320A025E100E6A360 /* YMUICommonlyUsedToolsUITests.m in Sources */,
			);
			runOnlyForDeploymentPostprocessing = 0;
		};
/* End PBXSourcesBuildPhase section */

/* Begin PBXTargetDependency section */
		8185BDA520A025E100E6A360 /* PBXTargetDependency */ = {
			isa = PBXTargetDependency;
			target = 8185BD8720A025E100E6A360 /* YMUICommonlyUsedTools */;
			targetProxy = 8185BDA420A025E100E6A360 /* PBXContainerItemProxy */;
		};
		8185BDB020A025E100E6A360 /* PBXTargetDependency */ = {
			isa = PBXTargetDependency;
			target = 8185BD8720A025E100E6A360 /* YMUICommonlyUsedTools */;
			targetProxy = 8185BDAF20A025E100E6A360 /* PBXContainerItemProxy */;
		};
/* End PBXTargetDependency section */

/* Begin PBXVariantGroup section */
		8185BD9120A025E100E6A360 /* Main.storyboard */ = {
			isa = PBXVariantGroup;
			children = (
				8185BD9220A025E100E6A360 /* Base */,
			);
			name = Main.storyboard;
			sourceTree = "<group>";
		};
		8185BD9920A025E100E6A360 /* LaunchScreen.storyboard */ = {
			isa = PBXVariantGroup;
			children = (
				8185BD9A20A025E100E6A360 /* Base */,
			);
			name = LaunchScreen.storyboard;
			sourceTree = "<group>";
		};
/* End PBXVariantGroup section */

/* Begin XCBuildConfiguration section */
		8185BDB520A025E100E6A360 /* Debug */ = {
			isa = XCBuildConfiguration;
			buildSettings = {
				ALWAYS_SEARCH_USER_PATHS = NO;
				CLANG_ANALYZER_NONNULL = YES;
				CLANG_ANALYZER_NUMBER_OBJECT_CONVERSION = YES_AGGRESSIVE;
				CLANG_CXX_LANGUAGE_STANDARD = "gnu++14";
				CLANG_CXX_LIBRARY = "libc++";
				CLANG_ENABLE_MODULES = YES;
				CLANG_ENABLE_OBJC_ARC = YES;
				CLANG_WARN_BLOCK_CAPTURE_AUTORELEASING = YES;
				CLANG_WARN_BOOL_CONVERSION = YES;
				CLANG_WARN_COMMA = YES;
				CLANG_WARN_CONSTANT_CONVERSION = YES;
				CLANG_WARN_DIRECT_OBJC_ISA_USAGE = YES_ERROR;
				CLANG_WARN_DOCUMENTATION_COMMENTS = YES;
				CLANG_WARN_EMPTY_BODY = YES;
				CLANG_WARN_ENUM_CONVERSION = YES;
				CLANG_WARN_INFINITE_RECURSION = YES;
				CLANG_WARN_INT_CONVERSION = YES;
				CLANG_WARN_NON_LITERAL_NULL_CONVERSION = YES;
				CLANG_WARN_OBJC_LITERAL_CONVERSION = YES;
				CLANG_WARN_OBJC_ROOT_CLASS = YES_ERROR;
				CLANG_WARN_RANGE_LOOP_ANALYSIS = YES;
				CLANG_WARN_STRICT_PROTOTYPES = YES;
				CLANG_WARN_SUSPICIOUS_MOVE = YES;
				CLANG_WARN_UNGUARDED_AVAILABILITY = YES_AGGRESSIVE;
				CLANG_WARN_UNREACHABLE_CODE = YES;
				CLANG_WARN__DUPLICATE_METHOD_MATCH = YES;
				CODE_SIGN_IDENTITY = "iPhone Developer";
				COPY_PHASE_STRIP = NO;
				DEBUG_INFORMATION_FORMAT = dwarf;
				ENABLE_STRICT_OBJC_MSGSEND = YES;
				ENABLE_TESTABILITY = YES;
				GCC_C_LANGUAGE_STANDARD = gnu11;
				GCC_DYNAMIC_NO_PIC = NO;
				GCC_NO_COMMON_BLOCKS = YES;
				GCC_OPTIMIZATION_LEVEL = 0;
				GCC_PREPROCESSOR_DEFINITIONS = (
					"DEBUG=1",
					"$(inherited)",
				);
				GCC_WARN_64_TO_32_BIT_CONVERSION = YES;
				GCC_WARN_ABOUT_RETURN_TYPE = YES_ERROR;
				GCC_WARN_UNDECLARED_SELECTOR = YES;
				GCC_WARN_UNINITIALIZED_AUTOS = YES_AGGRESSIVE;
				GCC_WARN_UNUSED_FUNCTION = YES;
				GCC_WARN_UNUSED_VARIABLE = YES;
				IPHONEOS_DEPLOYMENT_TARGET = 11.2;
				MTL_ENABLE_DEBUG_INFO = YES;
				ONLY_ACTIVE_ARCH = YES;
				SDKROOT = iphoneos;
			};
			name = Debug;
		};
		8185BDB620A025E100E6A360 /* Release */ = {
			isa = XCBuildConfiguration;
			buildSettings = {
				ALWAYS_SEARCH_USER_PATHS = NO;
				CLANG_ANALYZER_NONNULL = YES;
				CLANG_ANALYZER_NUMBER_OBJECT_CONVERSION = YES_AGGRESSIVE;
				CLANG_CXX_LANGUAGE_STANDARD = "gnu++14";
				CLANG_CXX_LIBRARY = "libc++";
				CLANG_ENABLE_MODULES = YES;
				CLANG_ENABLE_OBJC_ARC = YES;
				CLANG_WARN_BLOCK_CAPTURE_AUTORELEASING = YES;
				CLANG_WARN_BOOL_CONVERSION = YES;
				CLANG_WARN_COMMA = YES;
				CLANG_WARN_CONSTANT_CONVERSION = YES;
				CLANG_WARN_DIRECT_OBJC_ISA_USAGE = YES_ERROR;
				CLANG_WARN_DOCUMENTATION_COMMENTS = YES;
				CLANG_WARN_EMPTY_BODY = YES;
				CLANG_WARN_ENUM_CONVERSION = YES;
				CLANG_WARN_INFINITE_RECURSION = YES;
				CLANG_WARN_INT_CONVERSION = YES;
				CLANG_WARN_NON_LITERAL_NULL_CONVERSION = YES;
				CLANG_WARN_OBJC_LITERAL_CONVERSION = YES;
				CLANG_WARN_OBJC_ROOT_CLASS = YES_ERROR;
				CLANG_WARN_RANGE_LOOP_ANALYSIS = YES;
				CLANG_WARN_STRICT_PROTOTYPES = YES;
				CLANG_WARN_SUSPICIOUS_MOVE = YES;
				CLANG_WARN_UNGUARDED_AVAILABILITY = YES_AGGRESSIVE;
				CLANG_WARN_UNREACHABLE_CODE = YES;
				CLANG_WARN__DUPLICATE_METHOD_MATCH = YES;
				CODE_SIGN_IDENTITY = "iPhone Developer";
				COPY_PHASE_STRIP = NO;
				DEBUG_INFORMATION_FORMAT = "dwarf-with-dsym";
				ENABLE_NS_ASSERTIONS = NO;
				ENABLE_STRICT_OBJC_MSGSEND = YES;
				GCC_C_LANGUAGE_STANDARD = gnu11;
				GCC_NO_COMMON_BLOCKS = YES;
				GCC_WARN_64_TO_32_BIT_CONVERSION = YES;
				GCC_WARN_ABOUT_RETURN_TYPE = YES_ERROR;
				GCC_WARN_UNDECLARED_SELECTOR = YES;
				GCC_WARN_UNINITIALIZED_AUTOS = YES_AGGRESSIVE;
				GCC_WARN_UNUSED_FUNCTION = YES;
				GCC_WARN_UNUSED_VARIABLE = YES;
				IPHONEOS_DEPLOYMENT_TARGET = 11.2;
				MTL_ENABLE_DEBUG_INFO = NO;
				SDKROOT = iphoneos;
				VALIDATE_PRODUCT = YES;
			};
			name = Release;
		};
		8185BDB820A025E100E6A360 /* Debug */ = {
			isa = XCBuildConfiguration;
			buildSettings = {
				ASSETCATALOG_COMPILER_APPICON_NAME = AppIcon;
				CODE_SIGN_STYLE = Automatic;
				DEVELOPMENT_TEAM = KT2L87A63L;
				GCC_PRECOMPILE_PREFIX_HEADER = YES;
				GCC_PREFIX_HEADER = "$(SRCROOT)/YMUICommonlyUsedTools/YMUIPrefixHeader.pch";
				INFOPLIST_FILE = YMUICommonlyUsedTools/Info.plist;
				IPHONEOS_DEPLOYMENT_TARGET = 8.0;
				LD_RUNPATH_SEARCH_PATHS = "$(inherited) @executable_path/Frameworks";
				PRODUCT_BUNDLE_IDENTIFIER = xxx.YMUICommonlyUsedTools;
				PRODUCT_NAME = "$(TARGET_NAME)";
				TARGETED_DEVICE_FAMILY = 1;
			};
			name = Debug;
		};
		8185BDB920A025E100E6A360 /* Release */ = {
			isa = XCBuildConfiguration;
			buildSettings = {
				ASSETCATALOG_COMPILER_APPICON_NAME = AppIcon;
				CODE_SIGN_STYLE = Automatic;
				DEVELOPMENT_TEAM = KT2L87A63L;
				GCC_PRECOMPILE_PREFIX_HEADER = YES;
				GCC_PREFIX_HEADER = "$(SRCROOT)/YMUICommonlyUsedTools/YMUIPrefixHeader.pch";
				INFOPLIST_FILE = YMUICommonlyUsedTools/Info.plist;
				IPHONEOS_DEPLOYMENT_TARGET = 8.0;
				LD_RUNPATH_SEARCH_PATHS = "$(inherited) @executable_path/Frameworks";
				PRODUCT_BUNDLE_IDENTIFIER = xxx.YMUICommonlyUsedTools;
				PRODUCT_NAME = "$(TARGET_NAME)";
				TARGETED_DEVICE_FAMILY = 1;
			};
			name = Release;
		};
		8185BDBB20A025E100E6A360 /* Debug */ = {
			isa = XCBuildConfiguration;
			buildSettings = {
				BUNDLE_LOADER = "$(TEST_HOST)";
				CODE_SIGN_STYLE = Automatic;
				DEVELOPMENT_TEAM = 5JZQVBBZQ7;
				INFOPLIST_FILE = YMUICommonlyUsedToolsTests/Info.plist;
				LD_RUNPATH_SEARCH_PATHS = "$(inherited) @executable_path/Frameworks @loader_path/Frameworks";
				PRODUCT_BUNDLE_IDENTIFIER = xxx.YMUICommonlyUsedToolsTests;
				PRODUCT_NAME = "$(TARGET_NAME)";
				TARGETED_DEVICE_FAMILY = "1,2";
				TEST_HOST = "$(BUILT_PRODUCTS_DIR)/YMUICommonlyUsedTools.app/YMUICommonlyUsedTools";
			};
			name = Debug;
		};
		8185BDBC20A025E100E6A360 /* Release */ = {
			isa = XCBuildConfiguration;
			buildSettings = {
				BUNDLE_LOADER = "$(TEST_HOST)";
				CODE_SIGN_STYLE = Automatic;
				DEVELOPMENT_TEAM = 5JZQVBBZQ7;
				INFOPLIST_FILE = YMUICommonlyUsedToolsTests/Info.plist;
				LD_RUNPATH_SEARCH_PATHS = "$(inherited) @executable_path/Frameworks @loader_path/Frameworks";
				PRODUCT_BUNDLE_IDENTIFIER = xxx.YMUICommonlyUsedToolsTests;
				PRODUCT_NAME = "$(TARGET_NAME)";
				TARGETED_DEVICE_FAMILY = "1,2";
				TEST_HOST = "$(BUILT_PRODUCTS_DIR)/YMUICommonlyUsedTools.app/YMUICommonlyUsedTools";
			};
			name = Release;
		};
		8185BDBE20A025E100E6A360 /* Debug */ = {
			isa = XCBuildConfiguration;
			buildSettings = {
				CODE_SIGN_STYLE = Automatic;
				DEVELOPMENT_TEAM = 5JZQVBBZQ7;
				INFOPLIST_FILE = YMUICommonlyUsedToolsUITests/Info.plist;
				LD_RUNPATH_SEARCH_PATHS = "$(inherited) @executable_path/Frameworks @loader_path/Frameworks";
				PRODUCT_BUNDLE_IDENTIFIER = xxx.YMUICommonlyUsedToolsUITests;
				PRODUCT_NAME = "$(TARGET_NAME)";
				TARGETED_DEVICE_FAMILY = "1,2";
				TEST_TARGET_NAME = YMUICommonlyUsedTools;
			};
			name = Debug;
		};
		8185BDBF20A025E100E6A360 /* Release */ = {
			isa = XCBuildConfiguration;
			buildSettings = {
				CODE_SIGN_STYLE = Automatic;
				DEVELOPMENT_TEAM = 5JZQVBBZQ7;
				INFOPLIST_FILE = YMUICommonlyUsedToolsUITests/Info.plist;
				LD_RUNPATH_SEARCH_PATHS = "$(inherited) @executable_path/Frameworks @loader_path/Frameworks";
				PRODUCT_BUNDLE_IDENTIFIER = xxx.YMUICommonlyUsedToolsUITests;
				PRODUCT_NAME = "$(TARGET_NAME)";
				TARGETED_DEVICE_FAMILY = "1,2";
				TEST_TARGET_NAME = YMUICommonlyUsedTools;
			};
			name = Release;
		};
/* End XCBuildConfiguration section */

/* Begin XCConfigurationList section */
		8185BD8320A025E100E6A360 /* Build configuration list for PBXProject "YMUICommonlyUsedTools" */ = {
			isa = XCConfigurationList;
			buildConfigurations = (
				8185BDB520A025E100E6A360 /* Debug */,
				8185BDB620A025E100E6A360 /* Release */,
			);
			defaultConfigurationIsVisible = 0;
			defaultConfigurationName = Release;
		};
		8185BDB720A025E100E6A360 /* Build configuration list for PBXNativeTarget "YMUICommonlyUsedTools" */ = {
			isa = XCConfigurationList;
			buildConfigurations = (
				8185BDB820A025E100E6A360 /* Debug */,
				8185BDB920A025E100E6A360 /* Release */,
			);
			defaultConfigurationIsVisible = 0;
			defaultConfigurationName = Release;
		};
		8185BDBA20A025E100E6A360 /* Build configuration list for PBXNativeTarget "YMUICommonlyUsedToolsTests" */ = {
			isa = XCConfigurationList;
			buildConfigurations = (
				8185BDBB20A025E100E6A360 /* Debug */,
				8185BDBC20A025E100E6A360 /* Release */,
			);
			defaultConfigurationIsVisible = 0;
			defaultConfigurationName = Release;
		};
		8185BDBD20A025E100E6A360 /* Build configuration list for PBXNativeTarget "YMUICommonlyUsedToolsUITests" */ = {
			isa = XCConfigurationList;
			buildConfigurations = (
				8185BDBE20A025E100E6A360 /* Debug */,
				8185BDBF20A025E100E6A360 /* Release */,
			);
			defaultConfigurationIsVisible = 0;
			defaultConfigurationName = Release;
		};
/* End XCConfigurationList section */

/* Begin XCVersionGroup section */
		8185BD9420A025E100E6A360 /* YMUICommonlyUsedTools.xcdatamodeld */ = {
			isa = XCVersionGroup;
			children = (
				8185BD9520A025E100E6A360 /* YMUICommonlyUsedTools.xcdatamodel */,
			);
			currentVersion = 8185BD9520A025E100E6A360 /* YMUICommonlyUsedTools.xcdatamodel */;
			path = YMUICommonlyUsedTools.xcdatamodeld;
			sourceTree = "<group>";
			versionGroupType = wrapper.xcdatamodel;
		};
/* End XCVersionGroup section */
	};
	rootObject = 8185BD8020A025E100E6A360 /* Project object */;
}
